
Microsoft Visual Studio Solution File, Format Version 12.00
# Visual Studio Version 16
VisualStudioVersion = 16.0.31729.503
MinimumVisualStudioVersion = 10.0.40219.1
Project("{FAE04EC0-301F-11D3-BF4B-00C04F79EFBC}") = "ExportExtender", "ExportExtender\ExportExtender.csproj", "{3CC3E734-13BD-4F89-8D35-A8BC477CBBAD}"
EndProject
Global
	GlobalSection(SolutionConfigurationPlatforms) = preSolution
		Debug|Any CPU = Debug|Any CPU
		Release|Any CPU = Release|Any CPU
	EndGlobalSection
	GlobalSection(ProjectConfigurationPlatforms) = postSolution
		{3CC3E734-13BD-4F89-8D35-A8BC477CBBAD}.Debug|Any CPU.ActiveCfg = Debug|Any CPU
		{3CC3E734-13BD-4F89-8D35-A8BC477CBBAD}.Debug|Any CPU.Build.0 = Debug|Any CPU
		{3CC3E734-13BD-4F89-8D35-A8BC477CBBAD}.Release|Any CPU.ActiveCfg = Release|Any CPU
		{3CC3E734-13BD-4F89-8D35-A8BC477CBBAD}.Release|Any CPU.Build.0 = Release|Any CPU
	EndGlobalSection
	GlobalSection(SolutionProperties) = preSolution
		HideSolutionNode = FALSE
	EndGlobalSection
	GlobalSection(ExtensibilityGlobals) = postSolution
		SolutionGuid = {317D8494-BB70-431E-BFCD-777FB17C12C0}
	EndGlobalSection
EndGlobal
